
Microsoft Visual Studio Solution File, Format Version 12.00
# Visual Studio Version 17
VisualStudioVersion = 17.6.33723.286
MinimumVisualStudioVersion = 10.0.40219.1
Project("{FAE04EC0-301F-11D3-BF4B-00C04F79EFBC}") = "Htable", "Htable\Htable.csproj", "{49111E3B-994E-44F6-A33D-38DDC6C4DADE}"
EndProject
Global
	GlobalSection(SolutionConfigurationPlatforms) = preSolution
		Debug|Any CPU = Debug|Any CPU
		Release|Any CPU = Release|Any CPU
	EndGlobalSection
	GlobalSection(ProjectConfigurationPlatforms) = postSolution
		{49111E3B-994E-44F6-A33D-38DDC6C4DADE}.Debug|Any CPU.ActiveCfg = Debug|Any CPU
		{49111E3B-994E-44F6-A33D-38DDC6C4DADE}.Debug|Any CPU.Build.0 = Debug|Any CPU
		{49111E3B-994E-44F6-A33D-38DDC6C4DADE}.Release|Any CPU.ActiveCfg = Release|Any CPU
		{49111E3B-994E-44F6-A33D-38DDC6C4DADE}.Release|Any CPU.Build.0 = Release|Any CPU
	EndGlobalSection
	GlobalSection(SolutionProperties) = preSolution
		HideSolutionNode = FALSE
	EndGlobalSection
	GlobalSection(ExtensibilityGlobals) = postSolution
		SolutionGuid = {2DF39481-082A-4560-9070-F38E50362F96}
	EndGlobalSection
EndGlobal
